
Microsoft Visual Studio Solution File, Format Version 12.00
# Visual Studio Version 17
VisualStudioVersion = 17.14.36408.4 d17.14
MinimumVisualStudioVersion = 10.0.40219.1
Project("{FAE04EC0-301F-11D3-BF4B-00C04F79EFBC}") = "MiyunaKimono", "MiyunaKimono\MiyunaKimono.csproj", "{A3B0FF1E-3DC2-491D-B608-5BB41AD2C3AF}"
EndProject
Global
	GlobalSection(SolutionConfigurationPlatforms) = preSolution
		Debug|Any CPU = Debug|Any CPU
		Release|Any CPU = Release|Any CPU
	EndGlobalSection
	GlobalSection(ProjectConfigurationPlatforms) = postSolution
		{A3B0FF1E-3DC2-491D-B608-5BB41AD2C3AF}.Debug|Any CPU.ActiveCfg = Debug|Any CPU
		{A3B0FF1E-3DC2-491D-B608-5BB41AD2C3AF}.Debug|Any CPU.Build.0 = Debug|Any CPU
		{A3B0FF1E-3DC2-491D-B608-5BB41AD2C3AF}.Release|Any CPU.ActiveCfg = Release|Any CPU
		{A3B0FF1E-3DC2-491D-B608-5BB41AD2C3AF}.Release|Any CPU.Build.0 = Release|Any CPU
	EndGlobalSection
	GlobalSection(SolutionProperties) = preSolution
		HideSolutionNode = FALSE
	EndGlobalSection
	GlobalSection(ExtensibilityGlobals) = postSolution
		SolutionGuid = {2DA6BF97-E837-4624-9AEF-6F5C6056738B}
	EndGlobalSection
EndGlobal
